
Microsoft Visual Studio Solution File, Format Version 12.00
# Visual Studio Version 16
VisualStudioVersion = 16.0.31515.178
MinimumVisualStudioVersion = 10.0.40219.1
Project("{2150E333-8FDC-42A3-9474-1A3956D46DE8}") = "src", "src", "{5322EDA7-068C-4F1B-B869-D88F5F1EE734}"
EndProject
Project("{FAE04EC0-301F-11D3-BF4B-00C04F79EFBC}") = "HackerRank.DataStructures.ReverseArray", "src\HackerRank.DataStructures.ReverseArray\HackerRank.DataStructures.ReverseArray.csproj", "{C40404AB-D6E0-4A0D-A84E-41506C86B2FB}"
EndProject
Project("{2150E333-8FDC-42A3-9474-1A3956D46DE8}") = "tests", "tests", "{91CDE6DD-E4CA-4F17-8213-82CDC662FA96}"
EndProject
Project("{FAE04EC0-301F-11D3-BF4B-00C04F79EFBC}") = "HackerRank.DataStructures.ReverseArray.Tests", "tests\HackerRank.DataStructures.ReverseArray.Tests\HackerRank.DataStructures.ReverseArray.Tests.csproj", "{6AFB093C-3AC3-4F16-A9A3-AC9A471438FE}"
EndProject
Project("{FAE04EC0-301F-11D3-BF4B-00C04F79EFBC}") = "HackerRank.DataStructures.HourGlassSum", "src\HackerRank.DataStructures.HourGlassSum\HackerRank.DataStructures.HourGlassSum.csproj", "{CA8FCE79-8A6A-40C5-A8A7-86ECDF026874}"
EndProject
Project("{FAE04EC0-301F-11D3-BF4B-00C04F79EFBC}") = "HackerRank.DataStructures.HourGlassSum.Tests", "tests\HackerRank.DataStructures.HourGlassSum.Tests\HackerRank.DataStructures.HourGlassSum.Tests.csproj", "{6A620C0C-92AF-457E-B6FA-0F1B9D13AEDC}"
EndProject
Project("{FAE04EC0-301F-11D3-BF4B-00C04F79EFBC}") = "HackerRank.DataStructures.DynamicArray.LastAnswer", "src\HackerRank.DataStructures.DynamicArray.LastAnswer\HackerRank.DataStructures.DynamicArray.LastAnswer.csproj", "{A81BDB67-3B74-4450-B94C-133DBF701C18}"
EndProject
Project("{FAE04EC0-301F-11D3-BF4B-00C04F79EFBC}") = "HackerRank.DataStructures.DynamicArray.LastAnswer.Tests", "tests\HackerRank.DataStructures.DynamicArray.LastAnswer.Tests\HackerRank.DataStructures.DynamicArray.LastAnswer.Tests.csproj", "{47729D14-7BD5-475F-AE08-EA2C31CC503E}"
EndProject
Project("{FAE04EC0-301F-11D3-BF4B-00C04F79EFBC}") = "HackerRank.DataStructures.Arrays.LeftRotation", "src\HackerRank.DataStructures.Arrays.LeftRotation\HackerRank.DataStructures.Arrays.LeftRotation.csproj", "{BA9D39D9-BD35-4CB0-BDDB-EBE272735E31}"
EndProject
Project("{FAE04EC0-301F-11D3-BF4B-00C04F79EFBC}") = "HackerRank.DataStructures.Arrays.LeftRotation.Tests", "tests\HackerRank.DataStructures.Arrays.LeftRotation.Tests\HackerRank.DataStructures.Arrays.LeftRotation.Tests.csproj", "{167B3AA5-D4AB-4310-934F-2F797CABCDA1}"
EndProject
Project("{FAE04EC0-301F-11D3-BF4B-00C04F79EFBC}") = "HackerRank.DataStructures.SparseArrays", "src\HackerRank.DataStructures.SparseArrays\HackerRank.DataStructures.SparseArrays.csproj", "{1DE3E125-D213-4132-AF49-E822B2042D74}"
EndProject
Project("{FAE04EC0-301F-11D3-BF4B-00C04F79EFBC}") = "HackerRank.DataStructures.SparseArrays.Tests", "tests\HackerRank.DataStructures.SparseArrays.Tests\HackerRank.DataStructures.SparseArrays.Tests.csproj", "{B211343E-F6D1-4CE8-B8B6-E5B2043AE06F}"
EndProject
Global
	GlobalSection(SolutionConfigurationPlatforms) = preSolution
		Debug|Any CPU = Debug|Any CPU
		Release|Any CPU = Release|Any CPU
	EndGlobalSection
	GlobalSection(ProjectConfigurationPlatforms) = postSolution
		{C40404AB-D6E0-4A0D-A84E-41506C86B2FB}.Debug|Any CPU.ActiveCfg = Debug|Any CPU
		{C40404AB-D6E0-4A0D-A84E-41506C86B2FB}.Debug|Any CPU.Build.0 = Debug|Any CPU
		{C40404AB-D6E0-4A0D-A84E-41506C86B2FB}.Release|Any CPU.ActiveCfg = Release|Any CPU
		{C40404AB-D6E0-4A0D-A84E-41506C86B2FB}.Release|Any CPU.Build.0 = Release|Any CPU
		{6AFB093C-3AC3-4F16-A9A3-AC9A471438FE}.Debug|Any CPU.ActiveCfg = Debug|Any CPU
		{6AFB093C-3AC3-4F16-A9A3-AC9A471438FE}.Debug|Any CPU.Build.0 = Debug|Any CPU
		{6AFB093C-3AC3-4F16-A9A3-AC9A471438FE}.Release|Any CPU.ActiveCfg = Release|Any CPU
		{6AFB093C-3AC3-4F16-A9A3-AC9A471438FE}.Release|Any CPU.Build.0 = Release|Any CPU
		{CA8FCE79-8A6A-40C5-A8A7-86ECDF026874}.Debug|Any CPU.ActiveCfg = Debug|Any CPU
		{CA8FCE79-8A6A-40C5-A8A7-86ECDF026874}.Debug|Any CPU.Build.0 = Debug|Any CPU
		{CA8FCE79-8A6A-40C5-A8A7-86ECDF026874}.Release|Any CPU.ActiveCfg = Release|Any CPU
		{CA8FCE79-8A6A-40C5-A8A7-86ECDF026874}.Release|Any CPU.Build.0 = Release|Any CPU
		{6A620C0C-92AF-457E-B6FA-0F1B9D13AEDC}.Debug|Any CPU.ActiveCfg = Debug|Any CPU
		{6A620C0C-92AF-457E-B6FA-0F1B9D13AEDC}.Debug|Any CPU.Build.0 = Debug|Any CPU
		{6A620C0C-92AF-457E-B6FA-0F1B9D13AEDC}.Release|Any CPU.ActiveCfg = Release|Any CPU
		{6A620C0C-92AF-457E-B6FA-0F1B9D13AEDC}.Release|Any CPU.Build.0 = Release|Any CPU
		{A81BDB67-3B74-4450-B94C-133DBF701C18}.Debug|Any CPU.ActiveCfg = Debug|Any CPU
		{A81BDB67-3B74-4450-B94C-133DBF701C18}.Debug|Any CPU.Build.0 = Debug|Any CPU
		{A81BDB67-3B74-4450-B94C-133DBF701C18}.Release|Any CPU.ActiveCfg = Release|Any CPU
		{A81BDB67-3B74-4450-B94C-133DBF701C18}.Release|Any CPU.Build.0 = Release|Any CPU
		{47729D14-7BD5-475F-AE08-EA2C31CC503E}.Debug|Any CPU.ActiveCfg = Debug|Any CPU
		{47729D14-7BD5-475F-AE08-EA2C31CC503E}.Debug|Any CPU.Build.0 = Debug|Any CPU
		{47729D14-7BD5-475F-AE08-EA2C31CC503E}.Release|Any CPU.ActiveCfg = Release|Any CPU
		{47729D14-7BD5-475F-AE08-EA2C31CC503E}.Release|Any CPU.Build.0 = Release|Any CPU
		{BA9D39D9-BD35-4CB0-BDDB-EBE272735E31}.Debug|Any CPU.ActiveCfg = Debug|Any CPU
		{BA9D39D9-BD35-4CB0-BDDB-EBE272735E31}.Debug|Any CPU.Build.0 = Debug|Any CPU
		{BA9D39D9-BD35-4CB0-BDDB-EBE272735E31}.Release|Any CPU.ActiveCfg = Release|Any CPU
		{BA9D39D9-BD35-4CB0-BDDB-EBE272735E31}.Release|Any CPU.Build.0 = Release|Any CPU
		{167B3AA5-D4AB-4310-934F-2F797CABCDA1}.Debug|Any CPU.ActiveCfg = Debug|Any CPU
		{167B3AA5-D4AB-4310-934F-2F797CABCDA1}.Debug|Any CPU.Build.0 = Debug|Any CPU
		{167B3AA5-D4AB-4310-934F-2F797CABCDA1}.Release|Any CPU.ActiveCfg = Release|Any CPU
		{167B3AA5-D4AB-4310-934F-2F797CABCDA1}.Release|Any CPU.Build.0 = Release|Any CPU
		{1DE3E125-D213-4132-AF49-E822B2042D74}.Debug|Any CPU.ActiveCfg = Debug|Any CPU
		{1DE3E125-D213-4132-AF49-E822B2042D74}.Debug|Any CPU.Build.0 = Debug|Any CPU
		{1DE3E125-D213-4132-AF49-E822B2042D74}.Release|Any CPU.ActiveCfg = Release|Any CPU
		{1DE3E125-D213-4132-AF49-E822B2042D74}.Release|Any CPU.Build.0 = Release|Any CPU
		{B211343E-F6D1-4CE8-B8B6-E5B2043AE06F}.Debug|Any CPU.ActiveCfg = Debug|Any CPU
		{B211343E-F6D1-4CE8-B8B6-E5B2043AE06F}.Debug|Any CPU.Build.0 = Debug|Any CPU
		{B211343E-F6D1-4CE8-B8B6-E5B2043AE06F}.Release|Any CPU.ActiveCfg = Release|Any CPU
		{B211343E-F6D1-4CE8-B8B6-E5B2043AE06F}.Release|Any CPU.Build.0 = Release|Any CPU
	EndGlobalSection
	GlobalSection(SolutionProperties) = preSolution
		HideSolutionNode = FALSE
	EndGlobalSection
	GlobalSection(NestedProjects) = preSolution
		{C40404AB-D6E0-4A0D-A84E-41506C86B2FB} = {5322EDA7-068C-4F1B-B869-D88F5F1EE734}
		{6AFB093C-3AC3-4F16-A9A3-AC9A471438FE} = {91CDE6DD-E4CA-4F17-8213-82CDC662FA96}
		{CA8FCE79-8A6A-40C5-A8A7-86ECDF026874} = {5322EDA7-068C-4F1B-B869-D88F5F1EE734}
		{6A620C0C-92AF-457E-B6FA-0F1B9D13AEDC} = {91CDE6DD-E4CA-4F17-8213-82CDC662FA96}
		{A81BDB67-3B74-4450-B94C-133DBF701C18} = {5322EDA7-068C-4F1B-B869-D88F5F1EE734}
		{47729D14-7BD5-475F-AE08-EA2C31CC503E} = {91CDE6DD-E4CA-4F17-8213-82CDC662FA96}
		{BA9D39D9-BD35-4CB0-BDDB-EBE272735E31} = {5322EDA7-068C-4F1B-B869-D88F5F1EE734}
		{167B3AA5-D4AB-4310-934F-2F797CABCDA1} = {91CDE6DD-E4CA-4F17-8213-82CDC662FA96}
		{1DE3E125-D213-4132-AF49-E822B2042D74} = {5322EDA7-068C-4F1B-B869-D88F5F1EE734}
		{B211343E-F6D1-4CE8-B8B6-E5B2043AE06F} = {91CDE6DD-E4CA-4F17-8213-82CDC662FA96}
	EndGlobalSection
	GlobalSection(ExtensibilityGlobals) = postSolution
		SolutionGuid = {583C2BB7-7FB3-4C30-B015-C22F71EDE2F9}
	EndGlobalSection
EndGlobal
