
Microsoft Visual Studio Solution File, Format Version 12.00
# Visual Studio Version 16
VisualStudioVersion = 16.0.31515.178
MinimumVisualStudioVersion = 10.0.40219.1
Project("{2150E333-8FDC-42A3-9474-1A3956D46DE8}") = "src", "src", "{5322EDA7-068C-4F1B-B869-D88F5F1EE734}"
EndProject
Project("{FAE04EC0-301F-11D3-BF4B-00C04F79EFBC}") = "HackerRank.DataStructures.ReverseArray", "src\HackerRank.DataStructures.ReverseArray\HackerRank.DataStructures.ReverseArray.csproj", "{C40404AB-D6E0-4A0D-A84E-41506C86B2FB}"
EndProject
Project("{2150E333-8FDC-42A3-9474-1A3956D46DE8}") = "tests", "tests", "{91CDE6DD-E4CA-4F17-8213-82CDC662FA96}"
EndProject
Project("{FAE04EC0-301F-11D3-BF4B-00C04F79EFBC}") = "HackerRank.DataStructures.ReverseArray.Tests", "tests\HackerRank.DataStructures.ReverseArray.Tests\HackerRank.DataStructures.ReverseArray.Tests.csproj", "{6AFB093C-3AC3-4F16-A9A3-AC9A471438FE}"
EndProject
Project("{FAE04EC0-301F-11D3-BF4B-00C04F79EFBC}") = "HackerRank.DataStructures.HourGlassSum", "src\HackerRank.DataStructures.HourGlassSum\HackerRank.DataStructures.HourGlassSum.csproj", "{CA8FCE79-8A6A-40C5-A8A7-86ECDF026874}"
EndProject
Global
	GlobalSection(SolutionConfigurationPlatforms) = preSolution
		Debug|Any CPU = Debug|Any CPU
		Release|Any CPU = Release|Any CPU
	EndGlobalSection
	GlobalSection(ProjectConfigurationPlatforms) = postSolution
		{C40404AB-D6E0-4A0D-A84E-41506C86B2FB}.Debug|Any CPU.ActiveCfg = Debug|Any CPU
		{C40404AB-D6E0-4A0D-A84E-41506C86B2FB}.Debug|Any CPU.Build.0 = Debug|Any CPU
		{C40404AB-D6E0-4A0D-A84E-41506C86B2FB}.Release|Any CPU.ActiveCfg = Release|Any CPU
		{C40404AB-D6E0-4A0D-A84E-41506C86B2FB}.Release|Any CPU.Build.0 = Release|Any CPU
		{6AFB093C-3AC3-4F16-A9A3-AC9A471438FE}.Debug|Any CPU.ActiveCfg = Debug|Any CPU
		{6AFB093C-3AC3-4F16-A9A3-AC9A471438FE}.Debug|Any CPU.Build.0 = Debug|Any CPU
		{6AFB093C-3AC3-4F16-A9A3-AC9A471438FE}.Release|Any CPU.ActiveCfg = Release|Any CPU
		{6AFB093C-3AC3-4F16-A9A3-AC9A471438FE}.Release|Any CPU.Build.0 = Release|Any CPU
		{CA8FCE79-8A6A-40C5-A8A7-86ECDF026874}.Debug|Any CPU.ActiveCfg = Debug|Any CPU
		{CA8FCE79-8A6A-40C5-A8A7-86ECDF026874}.Debug|Any CPU.Build.0 = Debug|Any CPU
		{CA8FCE79-8A6A-40C5-A8A7-86ECDF026874}.Release|Any CPU.ActiveCfg = Release|Any CPU
		{CA8FCE79-8A6A-40C5-A8A7-86ECDF026874}.Release|Any CPU.Build.0 = Release|Any CPU
	EndGlobalSection
	GlobalSection(SolutionProperties) = preSolution
		HideSolutionNode = FALSE
	EndGlobalSection
	GlobalSection(NestedProjects) = preSolution
		{C40404AB-D6E0-4A0D-A84E-41506C86B2FB} = {5322EDA7-068C-4F1B-B869-D88F5F1EE734}
		{6AFB093C-3AC3-4F16-A9A3-AC9A471438FE} = {91CDE6DD-E4CA-4F17-8213-82CDC662FA96}
		{CA8FCE79-8A6A-40C5-A8A7-86ECDF026874} = {5322EDA7-068C-4F1B-B869-D88F5F1EE734}
	EndGlobalSection
	GlobalSection(ExtensibilityGlobals) = postSolution
		SolutionGuid = {583C2BB7-7FB3-4C30-B015-C22F71EDE2F9}
	EndGlobalSection
EndGlobal
